// !$*UTF8*$!
{
	archiveVersion = 1;
	classes = {
	};
	objectVersion = 46;
	objects = {

/* Begin PBXBuildFile section */
		DC372DA8139969B600A8407D /* Cocoa.framework in Frameworks */ = {isa = PBXBuildFile; fileRef = DC372DA7139969B600A8407D /* Cocoa.framework */; };
		DC372DB5139969B600A8407D /* main.m in Sources */ = {isa = PBXBuildFile; fileRef = DC372DB4139969B600A8407D /* main.m */; };
		DC372DBB139969B600A8407D /* SecureWebSocketServerAppDelegate.m in Sources */ = {isa = PBXBuildFile; fileRef = DC372DBA139969B600A8407D /* SecureWebSocketServerAppDelegate.m */; };
		DC372DBE139969B700A8407D /* MainMenu.xib in Resources */ = {isa = PBXBuildFile; fileRef = DC372DBC139969B700A8407D /* MainMenu.xib */; };
		DC372E1013996D3400A8407D /* MyHTTPConnection.m in Sources */ = {isa = PBXBuildFile; fileRef = DC372E0D13996D3400A8407D /* MyHTTPConnection.m */; };
		DC372E1113996D3400A8407D /* MyWebSocket.m in Sources */ = {isa = PBXBuildFile; fileRef = DC372E0F13996D3400A8407D /* MyWebSocket.m */; };
		DC372E14139990C800A8407D /* DDKeychain.m in Sources */ = {isa = PBXBuildFile; fileRef = DC372E13139990C800A8407D /* DDKeychain.m */; };
		DC372E161399931000A8407D /* Web in Resources */ = {isa = PBXBuildFile; fileRef = DC372E151399931000A8407D /* Web */; };
		DC372E181399943C00A8407D /* Security.framework in Frameworks */ = {isa = PBXBuildFile; fileRef = DC372E171399943C00A8407D /* Security.framework */; };
		F67C3CC3F02BBF65C4CBED06 /* Pods_OSX_Examples_SecureWebSocketServer.framework in Frameworks */ = {isa = PBXBuildFile; fileRef = 7975E6A155D6C62A54DC15C3 /* Pods_OSX_Examples_SecureWebSocketServer.framework */; };
/* End PBXBuildFile section */

/* Begin PBXFileReference section */
		26294C66A720BF217B1687B5 /* Pods-OSX Examples-SecureWebSocketServer.release.xcconfig */ = {isa = PBXFileReference; includeInIndex = 1; lastKnownFileType = text.xcconfig; name = "Pods-OSX Examples-SecureWebSocketServer.release.xcconfig"; path = "../../Pods/Target Support Files/Pods-OSX Examples-SecureWebSocketServer/Pods-OSX Examples-SecureWebSocketServer.release.xcconfig"; sourceTree = "<group>"; };
		7975E6A155D6C62A54DC15C3 /* Pods_OSX_Examples_SecureWebSocketServer.framework */ = {isa = PBXFileReference; explicitFileType = wrapper.framework; includeInIndex = 0; path = Pods_OSX_Examples_SecureWebSocketServer.framework; sourceTree = BUILT_PRODUCTS_DIR; };
		AADDE3DCB5039540BEBA5E3F /* Pods-OSX Examples-SecureWebSocketServer.debug.xcconfig */ = {isa = PBXFileReference; includeInIndex = 1; lastKnownFileType = text.xcconfig; name = "Pods-OSX Examples-SecureWebSocketServer.debug.xcconfig"; path = "../../Pods/Target Support Files/Pods-OSX Examples-SecureWebSocketServer/Pods-OSX Examples-SecureWebSocketServer.debug.xcconfig"; sourceTree = "<group>"; };
		DC372DA3139969B600A8407D /* SecureWebSocketServer.app */ = {isa = PBXFileReference; explicitFileType = wrapper.application; includeInIndex = 0; path = SecureWebSocketServer.app; sourceTree = BUILT_PRODUCTS_DIR; };
		DC372DA7139969B600A8407D /* Cocoa.framework */ = {isa = PBXFileReference; lastKnownFileType = wrapper.framework; name = Cocoa.framework; path = System/Library/Frameworks/Cocoa.framework; sourceTree = SDKROOT; };
		DC372DAA139969B600A8407D /* AppKit.framework */ = {isa = PBXFileReference; lastKnownFileType = wrapper.framework; name = AppKit.framework; path = System/Library/Frameworks/AppKit.framework; sourceTree = SDKROOT; };
		DC372DAB139969B600A8407D /* CoreData.framework */ = {isa = PBXFileReference; lastKnownFileType = wrapper.framework; name = CoreData.framework; path = System/Library/Frameworks/CoreData.framework; sourceTree = SDKROOT; };
		DC372DAC139969B600A8407D /* Foundation.framework */ = {isa = PBXFileReference; lastKnownFileType = wrapper.framework; name = Foundation.framework; path = System/Library/Frameworks/Foundation.framework; sourceTree = SDKROOT; };
		DC372DAF139969B600A8407D /* Info.plist */ = {isa = PBXFileReference; lastKnownFileType = text.plist.xml; path = Info.plist; sourceTree = "<group>"; };
		DC372DB4139969B600A8407D /* main.m */ = {isa = PBXFileReference; lastKnownFileType = sourcecode.c.objc; path = main.m; sourceTree = "<group>"; };
		DC372DB9139969B600A8407D /* SecureWebSocketServerAppDelegate.h */ = {isa = PBXFileReference; lastKnownFileType = sourcecode.c.h; path = SecureWebSocketServerAppDelegate.h; sourceTree = "<group>"; };
		DC372DBA139969B600A8407D /* SecureWebSocketServerAppDelegate.m */ = {isa = PBXFileReference; lastKnownFileType = sourcecode.c.objc; path = SecureWebSocketServerAppDelegate.m; sourceTree = "<group>"; };
		DC372DBD139969B700A8407D /* en */ = {isa = PBXFileReference; lastKnownFileType = file.xib; name = en; path = en.lproj/MainMenu.xib; sourceTree = "<group>"; };
		DC372E0C13996D3400A8407D /* MyHTTPConnection.h */ = {isa = PBXFileReference; fileEncoding = 4; lastKnownFileType = sourcecode.c.h; path = MyHTTPConnection.h; sourceTree = "<group>"; };
		DC372E0D13996D3400A8407D /* MyHTTPConnection.m */ = {isa = PBXFileReference; fileEncoding = 4; lastKnownFileType = sourcecode.c.objc; path = MyHTTPConnection.m; sourceTree = "<group>"; };
		DC372E0E13996D3400A8407D /* MyWebSocket.h */ = {isa = PBXFileReference; fileEncoding = 4; lastKnownFileType = sourcecode.c.h; path = MyWebSocket.h; sourceTree = "<group>"; };
		DC372E0F13996D3400A8407D /* MyWebSocket.m */ = {isa = PBXFileReference; fileEncoding = 4; lastKnownFileType = sourcecode.c.objc; path = MyWebSocket.m; sourceTree = "<group>"; };
		DC372E12139990C800A8407D /* DDKeychain.h */ = {isa = PBXFileReference; fileEncoding = 4; lastKnownFileType = sourcecode.c.h; path = DDKeychain.h; sourceTree = "<group>"; };
		DC372E13139990C800A8407D /* DDKeychain.m */ = {isa = PBXFileReference; fileEncoding = 4; lastKnownFileType = sourcecode.c.objc; path = DDKeychain.m; sourceTree = "<group>"; };
		DC372E151399931000A8407D /* Web */ = {isa = PBXFileReference; lastKnownFileType = folder; path = Web; sourceTree = "<group>"; };
		DC372E171399943C00A8407D /* Security.framework */ = {isa = PBXFileReference; lastKnownFileType = wrapper.framework; name = Security.framework; path = System/Library/Frameworks/Security.framework; sourceTree = SDKROOT; };
/* End PBXFileReference section */

/* Begin PBXFrameworksBuildPhase section */
		DC372DA0139969B600A8407D /* Frameworks */ = {
			isa = PBXFrameworksBuildPhase;
			buildActionMask = 2147483647;
			files = (
				DC372E181399943C00A8407D /* Security.framework in Frameworks */,
				DC372DA8139969B600A8407D /* Cocoa.framework in Frameworks */,
				F67C3CC3F02BBF65C4CBED06 /* Pods_OSX_Examples_SecureWebSocketServer.framework in Frameworks */,
			);
			runOnlyForDeploymentPostprocessing = 0;
		};
/* End PBXFrameworksBuildPhase section */

/* Begin PBXGroup section */
		1437C7367BE035D19B224B7C /* Pods */ = {
			isa = PBXGroup;
			children = (
				AADDE3DCB5039540BEBA5E3F /* Pods-OSX Examples-SecureWebSocketServer.debug.xcconfig */,
				26294C66A720BF217B1687B5 /* Pods-OSX Examples-SecureWebSocketServer.release.xcconfig */,
			);
			name = Pods;
			sourceTree = "<group>";
		};
		AB15F2C51EF9B65B00CF8339 /* Resources */ = {
			isa = PBXGroup;
			children = (
				DC372E151399931000A8407D /* Web */,
				DC372DAF139969B600A8407D /* Info.plist */,
				DC372DBC139969B700A8407D /* MainMenu.xib */,
			);
			name = Resources;
			sourceTree = "<group>";
		};
		DC372D98139969B600A8407D = {
			isa = PBXGroup;
			children = (
				DC372DAD139969B600A8407D /* Classes */,
				DC372DAE139969B600A8407D /* Other Sources */,
				AB15F2C51EF9B65B00CF8339 /* Resources */,
				DC372DA6139969B600A8407D /* Frameworks */,
				DC372DA4139969B600A8407D /* Products */,
				1437C7367BE035D19B224B7C /* Pods */,
			);
			sourceTree = "<group>";
		};
		DC372DA4139969B600A8407D /* Products */ = {
			isa = PBXGroup;
			children = (
				DC372DA3139969B600A8407D /* SecureWebSocketServer.app */,
			);
			name = Products;
			sourceTree = "<group>";
		};
		DC372DA6139969B600A8407D /* Frameworks */ = {
			isa = PBXGroup;
			children = (
				DC372DA7139969B600A8407D /* Cocoa.framework */,
				DC372E171399943C00A8407D /* Security.framework */,
				DC372DA9139969B600A8407D /* Other Frameworks */,
				7975E6A155D6C62A54DC15C3 /* Pods_OSX_Examples_SecureWebSocketServer.framework */,
			);
			name = Frameworks;
			sourceTree = "<group>";
		};
		DC372DA9139969B600A8407D /* Other Frameworks */ = {
			isa = PBXGroup;
			children = (
				DC372DAA139969B600A8407D /* AppKit.framework */,
				DC372DAB139969B600A8407D /* CoreData.framework */,
				DC372DAC139969B600A8407D /* Foundation.framework */,
			);
			name = "Other Frameworks";
			sourceTree = "<group>";
		};
		DC372DAD139969B600A8407D /* Classes */ = {
			isa = PBXGroup;
			children = (
				DC372DB9139969B600A8407D /* SecureWebSocketServerAppDelegate.h */,
				DC372DBA139969B600A8407D /* SecureWebSocketServerAppDelegate.m */,
				DC372E0C13996D3400A8407D /* MyHTTPConnection.h */,
				DC372E0D13996D3400A8407D /* MyHTTPConnection.m */,
				DC372E0E13996D3400A8407D /* MyWebSocket.h */,
				DC372E0F13996D3400A8407D /* MyWebSocket.m */,
				DC372E12139990C800A8407D /* DDKeychain.h */,
				DC372E13139990C800A8407D /* DDKeychain.m */,
			);
			name = Classes;
			sourceTree = "<group>";
		};
		DC372DAE139969B600A8407D /* Other Sources */ = {
			isa = PBXGroup;
			children = (
				DC372DB4139969B600A8407D /* main.m */,
			);
			name = "Other Sources";
			sourceTree = "<group>";
		};
/* End PBXGroup section */

/* Begin PBXNativeTarget section */
		DC372DA2139969B600A8407D /* SecureWebSocketServer */ = {
			isa = PBXNativeTarget;
			buildConfigurationList = DC372DC1139969B700A8407D /* Build configuration list for PBXNativeTarget "SecureWebSocketServer" */;
			buildPhases = (
				48ED1FF06470832CDC555A0E /* [CP] Check Pods Manifest.lock */,
				DC372D9F139969B600A8407D /* Sources */,
				DC372DA0139969B600A8407D /* Frameworks */,
				DC372DA1139969B600A8407D /* Resources */,
				54F7F2A4A0E7B8F28ECFCD0E /* [CP] Embed Pods Frameworks */,
				7F55B33270134B5C80E4461E /* [CP] Copy Pods Resources */,
			);
			buildRules = (
			);
			dependencies = (
			);
			name = SecureWebSocketServer;
			productName = SecureWebSocketServer;
			productReference = DC372DA3139969B600A8407D /* SecureWebSocketServer.app */;
			productType = "com.apple.product-type.application";
		};
/* End PBXNativeTarget section */

/* Begin PBXProject section */
		DC372D9A139969B600A8407D /* Project object */ = {
			isa = PBXProject;
			attributes = {
				LastUpgradeCheck = 0900;
				ORGANIZATIONNAME = Voalte;
			};
			buildConfigurationList = DC372D9D139969B600A8407D /* Build configuration list for PBXProject "SecureWebSocketServer" */;
			compatibilityVersion = "Xcode 3.2";
			developmentRegion = English;
			hasScannedForEncodings = 0;
			knownRegions = (
				en,
			);
			mainGroup = DC372D98139969B600A8407D;
			productRefGroup = DC372DA4139969B600A8407D /* Products */;
			projectDirPath = "";
			projectRoot = "";
			targets = (
				DC372DA2139969B600A8407D /* SecureWebSocketServer */,
			);
		};
/* End PBXProject section */

/* Begin PBXResourcesBuildPhase section */
		DC372DA1139969B600A8407D /* Resources */ = {
			isa = PBXResourcesBuildPhase;
			buildActionMask = 2147483647;
			files = (
				DC372DBE139969B700A8407D /* MainMenu.xib in Resources */,
				DC372E161399931000A8407D /* Web in Resources */,
			);
			runOnlyForDeploymentPostprocessing = 0;
		};
/* End PBXResourcesBuildPhase section */

/* Begin PBXShellScriptBuildPhase section */
		48ED1FF06470832CDC555A0E /* [CP] Check Pods Manifest.lock */ = {
			isa = PBXShellScriptBuildPhase;
			buildActionMask = 2147483647;
			files = (
			);
			inputPaths = (
			);
			name = "[CP] Check Pods Manifest.lock";
			outputPaths = (
			);
			runOnlyForDeploymentPostprocessing = 0;
			shellPath = /bin/sh;
			shellScript = "diff \"${PODS_PODFILE_DIR_PATH}/Podfile.lock\" \"${PODS_ROOT}/Manifest.lock\" > /dev/null\nif [ $? != 0 ] ; then\n    # print error to STDERR\n    echo \"error: The sandbox is not in sync with the Podfile.lock. Run 'pod install' or update your CocoaPods installation.\" >&2\n    exit 1\nfi\n";
			showEnvVarsInLog = 0;
		};
		54F7F2A4A0E7B8F28ECFCD0E /* [CP] Embed Pods Frameworks */ = {
			isa = PBXShellScriptBuildPhase;
			buildActionMask = 2147483647;
			files = (
			);
			inputPaths = (
			);
			name = "[CP] Embed Pods Frameworks";
			outputPaths = (
			);
			runOnlyForDeploymentPostprocessing = 0;
			shellPath = /bin/sh;
			shellScript = "\"${SRCROOT}/../../Pods/Target Support Files/Pods-OSX Examples-SecureWebSocketServer/Pods-OSX Examples-SecureWebSocketServer-frameworks.sh\"\n";
			showEnvVarsInLog = 0;
		};
		7F55B33270134B5C80E4461E /* [CP] Copy Pods Resources */ = {
			isa = PBXShellScriptBuildPhase;
			buildActionMask = 2147483647;
			files = (
			);
			inputPaths = (
			);
			name = "[CP] Copy Pods Resources";
			outputPaths = (
			);
			runOnlyForDeploymentPostprocessing = 0;
			shellPath = /bin/sh;
			shellScript = "\"${SRCROOT}/../../Pods/Target Support Files/Pods-OSX Examples-SecureWebSocketServer/Pods-OSX Examples-SecureWebSocketServer-resources.sh\"\n";
			showEnvVarsInLog = 0;
		};
/* End PBXShellScriptBuildPhase section */

/* Begin PBXSourcesBuildPhase section */
		DC372D9F139969B600A8407D /* Sources */ = {
			isa = PBXSourcesBuildPhase;
			buildActionMask = 2147483647;
			files = (
				DC372DB5139969B600A8407D /* main.m in Sources */,
				DC372DBB139969B600A8407D /* SecureWebSocketServerAppDelegate.m in Sources */,
				DC372E1013996D3400A8407D /* MyHTTPConnection.m in Sources */,
				DC372E1113996D3400A8407D /* MyWebSocket.m in Sources */,
				DC372E14139990C800A8407D /* DDKeychain.m in Sources */,
			);
			runOnlyForDeploymentPostprocessing = 0;
		};
/* End PBXSourcesBuildPhase section */

/* Begin PBXVariantGroup section */
		DC372DBC139969B700A8407D /* MainMenu.xib */ = {
			isa = PBXVariantGroup;
			children = (
				DC372DBD139969B700A8407D /* en */,
			);
			name = MainMenu.xib;
			sourceTree = "<group>";
		};
/* End PBXVariantGroup section */

/* Begin XCBuildConfiguration section */
		DC372DBF139969B700A8407D /* Debug */ = {
			isa = XCBuildConfiguration;
			buildSettings = {
				CLANG_ENABLE_OBJC_ARC = YES;
				CLANG_WARN_BLOCK_CAPTURE_AUTORELEASING = YES;
				CLANG_WARN_BOOL_CONVERSION = YES;
				CLANG_WARN_COMMA = YES;
				CLANG_WARN_CONSTANT_CONVERSION = YES;
				CLANG_WARN_EMPTY_BODY = YES;
				CLANG_WARN_ENUM_CONVERSION = YES;
				CLANG_WARN_INFINITE_RECURSION = YES;
				CLANG_WARN_INT_CONVERSION = YES;
				CLANG_WARN_NON_LITERAL_NULL_CONVERSION = YES;
				CLANG_WARN_OBJC_LITERAL_CONVERSION = YES;
				CLANG_WARN_RANGE_LOOP_ANALYSIS = YES;
				CLANG_WARN_STRICT_PROTOTYPES = YES;
				CLANG_WARN_SUSPICIOUS_MOVE = YES;
				CLANG_WARN_UNREACHABLE_CODE = YES;
				CLANG_WARN__DUPLICATE_METHOD_MATCH = YES;
				ENABLE_STRICT_OBJC_MSGSEND = YES;
				ENABLE_TESTABILITY = YES;
				GCC_NO_COMMON_BLOCKS = YES;
				GCC_VERSION = com.apple.compilers.llvm.clang.1_0;
				GCC_WARN_64_TO_32_BIT_CONVERSION = YES;
				GCC_WARN_ABOUT_RETURN_TYPE = YES;
				GCC_WARN_UNDECLARED_SELECTOR = YES;
				GCC_WARN_UNINITIALIZED_AUTOS = YES;
				GCC_WARN_UNUSED_FUNCTION = YES;
				GCC_WARN_UNUSED_VARIABLE = YES;
				MACOSX_DEPLOYMENT_TARGET = 10.12;
				ONLY_ACTIVE_ARCH = YES;
				SDKROOT = macosx;
			};
			name = Debug;
		};
		DC372DC0139969B700A8407D /* Release */ = {
			isa = XCBuildConfiguration;
			buildSettings = {
				CLANG_ENABLE_OBJC_ARC = YES;
				CLANG_WARN_BLOCK_CAPTURE_AUTORELEASING = YES;
				CLANG_WARN_BOOL_CONVERSION = YES;
				CLANG_WARN_COMMA = YES;
				CLANG_WARN_CONSTANT_CONVERSION = YES;
				CLANG_WARN_EMPTY_BODY = YES;
				CLANG_WARN_ENUM_CONVERSION = YES;
				CLANG_WARN_INFINITE_RECURSION = YES;
				CLANG_WARN_INT_CONVERSION = YES;
				CLANG_WARN_NON_LITERAL_NULL_CONVERSION = YES;
				CLANG_WARN_OBJC_LITERAL_CONVERSION = YES;
				CLANG_WARN_RANGE_LOOP_ANALYSIS = YES;
				CLANG_WARN_STRICT_PROTOTYPES = YES;
				CLANG_WARN_SUSPICIOUS_MOVE = YES;
				CLANG_WARN_UNREACHABLE_CODE = YES;
				CLANG_WARN__DUPLICATE_METHOD_MATCH = YES;
				ENABLE_STRICT_OBJC_MSGSEND = YES;
				GCC_NO_COMMON_BLOCKS = YES;
				GCC_VERSION = com.apple.compilers.llvm.clang.1_0;
				GCC_WARN_64_TO_32_BIT_CONVERSION = YES;
				GCC_WARN_ABOUT_RETURN_TYPE = YES;
				GCC_WARN_UNDECLARED_SELECTOR = YES;
				GCC_WARN_UNINITIALIZED_AUTOS = YES;
				GCC_WARN_UNUSED_FUNCTION = YES;
				GCC_WARN_UNUSED_VARIABLE = YES;
				MACOSX_DEPLOYMENT_TARGET = 10.12;
				SDKROOT = macosx;
			};
			name = Release;
		};
		DC372DC2139969B700A8407D /* Debug */ = {
			isa = XCBuildConfiguration;
			baseConfigurationReference = AADDE3DCB5039540BEBA5E3F /* Pods-OSX Examples-SecureWebSocketServer.debug.xcconfig */;
			buildSettings = {
				ALWAYS_SEARCH_USER_PATHS = NO;
				CLANG_ENABLE_MODULES = YES;
				INFOPLIST_FILE = Info.plist;
				PRODUCT_BUNDLE_IDENTIFIER = "com.deusty.${PRODUCT_NAME:rfc1034identifier}";
				PRODUCT_NAME = "$(TARGET_NAME)";
				WRAPPER_EXTENSION = app;
			};
			name = Debug;
		};
		DC372DC3139969B700A8407D /* Release */ = {
			isa = XCBuildConfiguration;
			baseConfigurationReference = 26294C66A720BF217B1687B5 /* Pods-OSX Examples-SecureWebSocketServer.release.xcconfig */;
			buildSettings = {
				ALWAYS_SEARCH_USER_PATHS = NO;
				CLANG_ENABLE_MODULES = YES;
				INFOPLIST_FILE = Info.plist;
				PRODUCT_BUNDLE_IDENTIFIER = "com.deusty.${PRODUCT_NAME:rfc1034identifier}";
				PRODUCT_NAME = "$(TARGET_NAME)";
				WRAPPER_EXTENSION = app;
			};
			name = Release;
		};
/* End XCBuildConfiguration section */

/* Begin XCConfigurationList section */
		DC372D9D139969B600A8407D /* Build configuration list for PBXProject "SecureWebSocketServer" */ = {
			isa = XCConfigurationList;
			buildConfigurations = (
				DC372DBF139969B700A8407D /* Debug */,
				DC372DC0139969B700A8407D /* Release */,
			);
			defaultConfigurationIsVisible = 0;
			defaultConfigurationName = Release;
		};
		DC372DC1139969B700A8407D /* Build configuration list for PBXNativeTarget "SecureWebSocketServer" */ = {
			isa = XCConfigurationList;
			buildConfigurations = (
				DC372DC2139969B700A8407D /* Debug */,
				DC372DC3139969B700A8407D /* Release */,
			);
			defaultConfigurationIsVisible = 0;
			defaultConfigurationName = Release;
		};
/* End XCConfigurationList section */
	};
	rootObject = DC372D9A139969B600A8407D /* Project object */;
}
